// !$*UTF8*$!
{
	archiveVersion = 1;
	classes = {
	};
	objectVersion = 56;
	objects = {

/* Begin PBXBuildFile section */
		363C1A222C2BD37500E6AF91 /* AllBookView.swift in Sources */ = {isa = PBXBuildFile; fileRef = 363C1A212C2BD37500E6AF91 /* AllBookView.swift */; };
		363C1A242C2BD37F00E6AF91 /* PhotoViewModel.swift in Sources */ = {isa = PBXBuildFile; fileRef = 363C1A232C2BD37F00E6AF91 /* PhotoViewModel.swift */; };
		75691EC52C3668AD006969AA /* NotificationScheduler.swift in Sources */ = {isa = PBXBuildFile; fileRef = 75691EC42C3668AD006969AA /* NotificationScheduler.swift */; };
		75691EC72C37A03A006969AA /* AppDelegate.swift in Sources */ = {isa = PBXBuildFile; fileRef = 75691EC62C37A03A006969AA /* AppDelegate.swift */; };
		BB1F53422C2D8E6400A509B8 /* AddNoteView.swift in Sources */ = {isa = PBXBuildFile; fileRef = BB1F53412C2D8E6400A509B8 /* AddNoteView.swift */; };
		BB1F534A2C2D984000A509B8 /* NoteListView.swift in Sources */ = {isa = PBXBuildFile; fileRef = BB1F53492C2D984000A509B8 /* NoteListView.swift */; };
		BB1F53502C2E5A1900A509B8 /* TagInputView.swift in Sources */ = {isa = PBXBuildFile; fileRef = BB1F534F2C2E5A1900A509B8 /* TagInputView.swift */; };
		BB47CAA32C2C62D600C70E6C /* AllNoteView.swift in Sources */ = {isa = PBXBuildFile; fileRef = BB47CAA22C2C62D600C70E6C /* AllNoteView.swift */; };
		BB5C304E2C3663C5003EDB83 /* Book.swift in Sources */ = {isa = PBXBuildFile; fileRef = BB5C304D2C3663C5003EDB83 /* Book.swift */; };
		BB5C30502C3663E1003EDB83 /* Note.swift in Sources */ = {isa = PBXBuildFile; fileRef = BB5C304F2C3663E1003EDB83 /* Note.swift */; };
		BB5C30522C3667A1003EDB83 /* PencilKitManager.swift in Sources */ = {isa = PBXBuildFile; fileRef = BB5C30512C3667A1003EDB83 /* PencilKitManager.swift */; };
		BB5C30542C3667D2003EDB83 /* FocuseableTextField.swift in Sources */ = {isa = PBXBuildFile; fileRef = BB5C30532C3667D2003EDB83 /* FocuseableTextField.swift */; };
		BB5C30572C36BBDB003EDB83 /* FilterBadgeNoteView.swift in Sources */ = {isa = PBXBuildFile; fileRef = BB5C30562C36BBDB003EDB83 /* FilterBadgeNoteView.swift */; };
		BB5E65B02C29066300C855A2 /* LeafApp.swift in Sources */ = {isa = PBXBuildFile; fileRef = BB5E65AF2C29066300C855A2 /* LeafApp.swift */; };
		BB5E65B22C29066300C855A2 /* ContentView.swift in Sources */ = {isa = PBXBuildFile; fileRef = BB5E65B12C29066300C855A2 /* ContentView.swift */; };
		BB5E65B42C29066400C855A2 /* Assets.xcassets in Resources */ = {isa = PBXBuildFile; fileRef = BB5E65B32C29066400C855A2 /* Assets.xcassets */; };
		BB5E65B72C29066400C855A2 /* Preview Assets.xcassets in Resources */ = {isa = PBXBuildFile; fileRef = BB5E65B62C29066400C855A2 /* Preview Assets.xcassets */; };
		BBA41C7E2C3153DF00B741ED /* BookViewModel.swift in Sources */ = {isa = PBXBuildFile; fileRef = BBA41C7D2C3153DF00B741ED /* BookViewModel.swift */; };
		BBA41C802C31540A00B741ED /* FilterMenuView.swift in Sources */ = {isa = PBXBuildFile; fileRef = BBA41C7F2C31540A00B741ED /* FilterMenuView.swift */; };
		BBA41C822C31547500B741ED /* FilterBadgeBookView.swift in Sources */ = {isa = PBXBuildFile; fileRef = BBA41C812C31547500B741ED /* FilterBadgeBookView.swift */; };
		BBA41C842C31549F00B741ED /* BookListView.swift in Sources */ = {isa = PBXBuildFile; fileRef = BBA41C832C31549F00B741ED /* BookListView.swift */; };
		BBA41C872C3183C500B741ED /* SortFilterModalView.swift in Sources */ = {isa = PBXBuildFile; fileRef = BBA41C862C3183C500B741ED /* SortFilterModalView.swift */; };
		BBA467092C32B16F004DF66A /* NoteDetailView.swift in Sources */ = {isa = PBXBuildFile; fileRef = BBA467082C32B16F004DF66A /* NoteDetailView.swift */; };
		BBA4670B2C32B429004DF66A /* NoteViewModel.swift in Sources */ = {isa = PBXBuildFile; fileRef = BBA4670A2C32B429004DF66A /* NoteViewModel.swift */; };
		BBA4670F2C32BF49004DF66A /* NoteRowView.swift in Sources */ = {isa = PBXBuildFile; fileRef = BBA4670E2C32BF49004DF66A /* NoteRowView.swift */; };
		BBA467162C32CB34004DF66A /* SortFilterNoteModalView.swift in Sources */ = {isa = PBXBuildFile; fileRef = BBA467152C32CB34004DF66A /* SortFilterNoteModalView.swift */; };
		BBD64C152C32E66700156467 /* Goal.swift in Sources */ = {isa = PBXBuildFile; fileRef = BBD64C142C32E66700156467 /* Goal.swift */; };
		BBD64C172C32EAF400156467 /* AddBookView.swift in Sources */ = {isa = PBXBuildFile; fileRef = BBD64C162C32EAF400156467 /* AddBookView.swift */; };
		BBD64C1D2C338A4600156467 /* MarkupView.swift in Sources */ = {isa = PBXBuildFile; fileRef = BBD64C1C2C338A4500156467 /* MarkupView.swift */; };
		BBF71AD62C2BFCF8004AF08F /* BookRowView.swift in Sources */ = {isa = PBXBuildFile; fileRef = BBF71AD52C2BFCF8004AF08F /* BookRowView.swift */; };
		BBF71AD92C2C102A004AF08F /* ImagePicker.swift in Sources */ = {isa = PBXBuildFile; fileRef = BBF71AD82C2C102A004AF08F /* ImagePicker.swift */; };
/* End PBXBuildFile section */

/* Begin PBXFileReference section */
		363C1A212C2BD37500E6AF91 /* AllBookView.swift */ = {isa = PBXFileReference; lastKnownFileType = sourcecode.swift; path = AllBookView.swift; sourceTree = "<group>"; };
		363C1A232C2BD37F00E6AF91 /* PhotoViewModel.swift */ = {isa = PBXFileReference; lastKnownFileType = sourcecode.swift; path = PhotoViewModel.swift; sourceTree = "<group>"; };
		75691EC42C3668AD006969AA /* NotificationScheduler.swift */ = {isa = PBXFileReference; lastKnownFileType = sourcecode.swift; path = NotificationScheduler.swift; sourceTree = "<group>"; };
		75691EC62C37A03A006969AA /* AppDelegate.swift */ = {isa = PBXFileReference; lastKnownFileType = sourcecode.swift; path = AppDelegate.swift; sourceTree = "<group>"; };
		BB1F53412C2D8E6400A509B8 /* AddNoteView.swift */ = {isa = PBXFileReference; lastKnownFileType = sourcecode.swift; path = AddNoteView.swift; sourceTree = "<group>"; };
		BB1F53492C2D984000A509B8 /* NoteListView.swift */ = {isa = PBXFileReference; lastKnownFileType = sourcecode.swift; path = NoteListView.swift; sourceTree = "<group>"; };
		BB1F534F2C2E5A1900A509B8 /* TagInputView.swift */ = {isa = PBXFileReference; lastKnownFileType = sourcecode.swift; path = TagInputView.swift; sourceTree = "<group>"; };
		BB47CAA22C2C62D600C70E6C /* AllNoteView.swift */ = {isa = PBXFileReference; lastKnownFileType = sourcecode.swift; path = AllNoteView.swift; sourceTree = "<group>"; };
		BB5C304D2C3663C5003EDB83 /* Book.swift */ = {isa = PBXFileReference; lastKnownFileType = sourcecode.swift; path = Book.swift; sourceTree = "<group>"; };
		BB5C304F2C3663E1003EDB83 /* Note.swift */ = {isa = PBXFileReference; lastKnownFileType = sourcecode.swift; path = Note.swift; sourceTree = "<group>"; };
		BB5C30512C3667A1003EDB83 /* PencilKitManager.swift */ = {isa = PBXFileReference; lastKnownFileType = sourcecode.swift; path = PencilKitManager.swift; sourceTree = "<group>"; };
		BB5C30532C3667D2003EDB83 /* FocuseableTextField.swift */ = {isa = PBXFileReference; lastKnownFileType = sourcecode.swift; path = FocuseableTextField.swift; sourceTree = "<group>"; };
		BB5C30562C36BBDB003EDB83 /* FilterBadgeNoteView.swift */ = {isa = PBXFileReference; lastKnownFileType = sourcecode.swift; path = FilterBadgeNoteView.swift; sourceTree = "<group>"; };
		BB5E65AC2C29066300C855A2 /* Leaf.app */ = {isa = PBXFileReference; explicitFileType = wrapper.application; includeInIndex = 0; path = Leaf.app; sourceTree = BUILT_PRODUCTS_DIR; };
		BB5E65AF2C29066300C855A2 /* LeafApp.swift */ = {isa = PBXFileReference; lastKnownFileType = sourcecode.swift; path = LeafApp.swift; sourceTree = "<group>"; };
		BB5E65B12C29066300C855A2 /* ContentView.swift */ = {isa = PBXFileReference; lastKnownFileType = sourcecode.swift; path = ContentView.swift; sourceTree = "<group>"; };
		BB5E65B32C29066400C855A2 /* Assets.xcassets */ = {isa = PBXFileReference; lastKnownFileType = folder.assetcatalog; path = Assets.xcassets; sourceTree = "<group>"; };
		BB5E65B62C29066400C855A2 /* Preview Assets.xcassets */ = {isa = PBXFileReference; lastKnownFileType = folder.assetcatalog; path = "Preview Assets.xcassets"; sourceTree = "<group>"; };
		BBA41C7D2C3153DF00B741ED /* BookViewModel.swift */ = {isa = PBXFileReference; lastKnownFileType = sourcecode.swift; path = BookViewModel.swift; sourceTree = "<group>"; };
		BBA41C7F2C31540A00B741ED /* FilterMenuView.swift */ = {isa = PBXFileReference; lastKnownFileType = sourcecode.swift; path = FilterMenuView.swift; sourceTree = "<group>"; };
		BBA41C812C31547500B741ED /* FilterBadgeBookView.swift */ = {isa = PBXFileReference; lastKnownFileType = sourcecode.swift; path = FilterBadgeBookView.swift; sourceTree = "<group>"; };
		BBA41C832C31549F00B741ED /* BookListView.swift */ = {isa = PBXFileReference; lastKnownFileType = sourcecode.swift; path = BookListView.swift; sourceTree = "<group>"; };
		BBA41C862C3183C500B741ED /* SortFilterModalView.swift */ = {isa = PBXFileReference; lastKnownFileType = sourcecode.swift; path = SortFilterModalView.swift; sourceTree = "<group>"; };
		BBA467082C32B16F004DF66A /* NoteDetailView.swift */ = {isa = PBXFileReference; lastKnownFileType = sourcecode.swift; path = NoteDetailView.swift; sourceTree = "<group>"; };
		BBA4670A2C32B429004DF66A /* NoteViewModel.swift */ = {isa = PBXFileReference; lastKnownFileType = sourcecode.swift; path = NoteViewModel.swift; sourceTree = "<group>"; };
		BBA4670E2C32BF49004DF66A /* NoteRowView.swift */ = {isa = PBXFileReference; lastKnownFileType = sourcecode.swift; path = NoteRowView.swift; sourceTree = "<group>"; };
		BBA467152C32CB34004DF66A /* SortFilterNoteModalView.swift */ = {isa = PBXFileReference; lastKnownFileType = sourcecode.swift; path = SortFilterNoteModalView.swift; sourceTree = "<group>"; };
		BBD64C142C32E66700156467 /* Goal.swift */ = {isa = PBXFileReference; fileEncoding = 4; lastKnownFileType = sourcecode.swift; path = Goal.swift; sourceTree = "<group>"; };
		BBD64C162C32EAF400156467 /* AddBookView.swift */ = {isa = PBXFileReference; lastKnownFileType = sourcecode.swift; path = AddBookView.swift; sourceTree = "<group>"; };
		BBD64C1C2C338A4500156467 /* MarkupView.swift */ = {isa = PBXFileReference; lastKnownFileType = sourcecode.swift; path = MarkupView.swift; sourceTree = "<group>"; };
		BBF71AD52C2BFCF8004AF08F /* BookRowView.swift */ = {isa = PBXFileReference; lastKnownFileType = sourcecode.swift; path = BookRowView.swift; sourceTree = "<group>"; };
		BBF71AD72C2C05EF004AF08F /* Info.plist */ = {isa = PBXFileReference; lastKnownFileType = text.plist; path = Info.plist; sourceTree = "<group>"; };
		BBF71AD82C2C102A004AF08F /* ImagePicker.swift */ = {isa = PBXFileReference; lastKnownFileType = sourcecode.swift; path = ImagePicker.swift; sourceTree = "<group>"; };
/* End PBXFileReference section */

/* Begin PBXFrameworksBuildPhase section */
		BB5E65A92C29066300C855A2 /* Frameworks */ = {
			isa = PBXFrameworksBuildPhase;
			buildActionMask = 2147483647;
			files = (
			);
			runOnlyForDeploymentPostprocessing = 0;
		};
/* End PBXFrameworksBuildPhase section */

/* Begin PBXGroup section */
		363C1A1C2C2BD34300E6AF91 /* View */ = {
			isa = PBXGroup;
			children = (
				BBA467142C32C8A4004DF66A /* Note */,
				BBA41C882C31871C00B741ED /* Book */,
			);
			path = View;
			sourceTree = "<group>";
		};
		363C1A1D2C2BD34C00E6AF91 /* Model */ = {
			isa = PBXGroup;
			children = (
				BBD64C142C32E66700156467 /* Goal.swift */,
				BB5C304D2C3663C5003EDB83 /* Book.swift */,
				BB5C304F2C3663E1003EDB83 /* Note.swift */,
			);
			path = Model;
			sourceTree = "<group>";
		};
		363C1A1E2C2BD35C00E6AF91 /* ViewModel */ = {
			isa = PBXGroup;
			children = (
				75691EC32C36686C006969AA /* Notifications */,
				363C1A232C2BD37F00E6AF91 /* PhotoViewModel.swift */,
				BBA41C7D2C3153DF00B741ED /* BookViewModel.swift */,
				BBA4670A2C32B429004DF66A /* NoteViewModel.swift */,
			);
			path = ViewModel;
			sourceTree = "<group>";
		};
		75691EC32C36686C006969AA /* Notifications */ = {
			isa = PBXGroup;
			children = (
				75691EC42C3668AD006969AA /* NotificationScheduler.swift */,
				75691EC62C37A03A006969AA /* AppDelegate.swift */,
			);
			path = Notifications;
			sourceTree = "<group>";
		};
		BB5C30552C3667E9003EDB83 /* Manager */ = {
			isa = PBXGroup;
			children = (
				BBF71AD82C2C102A004AF08F /* ImagePicker.swift */,
				BB5C30512C3667A1003EDB83 /* PencilKitManager.swift */,
				BB5C30532C3667D2003EDB83 /* FocuseableTextField.swift */,
			);
			path = Manager;
			sourceTree = "<group>";
		};
		BB5E65A32C29066200C855A2 = {
			isa = PBXGroup;
			children = (
				BB5E65AE2C29066300C855A2 /* Leaf */,
				BB5E65AD2C29066300C855A2 /* Products */,
			);
			sourceTree = "<group>";
		};
		BB5E65AD2C29066300C855A2 /* Products */ = {
			isa = PBXGroup;
			children = (
				BB5E65AC2C29066300C855A2 /* Leaf.app */,
			);
			name = Products;
			sourceTree = "<group>";
		};
		BB5E65AE2C29066300C855A2 /* Leaf */ = {
			isa = PBXGroup;
			children = (
				BBF71AD72C2C05EF004AF08F /* Info.plist */,
				BB5C30552C3667E9003EDB83 /* Manager */,
				363C1A1E2C2BD35C00E6AF91 /* ViewModel */,
				363C1A1D2C2BD34C00E6AF91 /* Model */,
				363C1A1C2C2BD34300E6AF91 /* View */,
				BB5E65AF2C29066300C855A2 /* LeafApp.swift */,
				BB5E65B12C29066300C855A2 /* ContentView.swift */,
				BB5E65B32C29066400C855A2 /* Assets.xcassets */,
				BB5E65B52C29066400C855A2 /* Preview Content */,
			);
			path = Leaf;
			sourceTree = "<group>";
		};
		BB5E65B52C29066400C855A2 /* Preview Content */ = {
			isa = PBXGroup;
			children = (
				BB5E65B62C29066400C855A2 /* Preview Assets.xcassets */,
			);
			path = "Preview Content";
			sourceTree = "<group>";
		};
		BBA41C882C31871C00B741ED /* Book */ = {
			isa = PBXGroup;
			children = (
				BBA41C862C3183C500B741ED /* SortFilterModalView.swift */,
				363C1A212C2BD37500E6AF91 /* AllBookView.swift */,
				BBA41C832C31549F00B741ED /* BookListView.swift */,
				BBA41C812C31547500B741ED /* FilterBadgeBookView.swift */,
				BBA41C7F2C31540A00B741ED /* FilterMenuView.swift */,
				BBF71AD52C2BFCF8004AF08F /* BookRowView.swift */,
				BBD64C162C32EAF400156467 /* AddBookView.swift */,
			);
			path = Book;
			sourceTree = "<group>";
		};
		BBA467142C32C8A4004DF66A /* Note */ = {
			isa = PBXGroup;
			children = (
				BB47CAA22C2C62D600C70E6C /* AllNoteView.swift */,
				BB1F53412C2D8E6400A509B8 /* AddNoteView.swift */,
				BB1F53492C2D984000A509B8 /* NoteListView.swift */,
				BB1F534F2C2E5A1900A509B8 /* TagInputView.swift */,
				BBA467082C32B16F004DF66A /* NoteDetailView.swift */,
				BBA4670E2C32BF49004DF66A /* NoteRowView.swift */,
				BBA467152C32CB34004DF66A /* SortFilterNoteModalView.swift */,
				BBD64C1C2C338A4500156467 /* MarkupView.swift */,
				BB5C30562C36BBDB003EDB83 /* FilterBadgeNoteView.swift */,
			);
			path = Note;
			sourceTree = "<group>";
		};
/* End PBXGroup section */

/* Begin PBXNativeTarget section */
		BB5E65AB2C29066300C855A2 /* Leaf */ = {
			isa = PBXNativeTarget;
			buildConfigurationList = BB5E65BA2C29066400C855A2 /* Build configuration list for PBXNativeTarget "Leaf" */;
			buildPhases = (
				BB5E65A82C29066300C855A2 /* Sources */,
				BB5E65A92C29066300C855A2 /* Frameworks */,
				BB5E65AA2C29066300C855A2 /* Resources */,
			);
			buildRules = (
			);
			dependencies = (
			);
			name = Leaf;
			productName = Leaf;
			productReference = BB5E65AC2C29066300C855A2 /* Leaf.app */;
			productType = "com.apple.product-type.application";
		};
/* End PBXNativeTarget section */

/* Begin PBXProject section */
		BB5E65A42C29066200C855A2 /* Project object */ = {
			isa = PBXProject;
			attributes = {
				BuildIndependentTargetsInParallel = 1;
				LastSwiftUpdateCheck = 1540;
				LastUpgradeCheck = 1540;
				TargetAttributes = {
					BB5E65AB2C29066300C855A2 = {
						CreatedOnToolsVersion = 15.4;
					};
				};
			};
			buildConfigurationList = BB5E65A72C29066200C855A2 /* Build configuration list for PBXProject "Leaf" */;
			compatibilityVersion = "Xcode 14.0";
			developmentRegion = en;
			hasScannedForEncodings = 0;
			knownRegions = (
				en,
				Base,
			);
			mainGroup = BB5E65A32C29066200C855A2;
			productRefGroup = BB5E65AD2C29066300C855A2 /* Products */;
			projectDirPath = "";
			projectRoot = "";
			targets = (
				BB5E65AB2C29066300C855A2 /* Leaf */,
			);
		};
/* End PBXProject section */

/* Begin PBXResourcesBuildPhase section */
		BB5E65AA2C29066300C855A2 /* Resources */ = {
			isa = PBXResourcesBuildPhase;
			buildActionMask = 2147483647;
			files = (
				BB5E65B72C29066400C855A2 /* Preview Assets.xcassets in Resources */,
				BB5E65B42C29066400C855A2 /* Assets.xcassets in Resources */,
			);
			runOnlyForDeploymentPostprocessing = 0;
		};
/* End PBXResourcesBuildPhase section */

/* Begin PBXSourcesBuildPhase section */
		BB5E65A82C29066300C855A2 /* Sources */ = {
			isa = PBXSourcesBuildPhase;
			buildActionMask = 2147483647;
			files = (
				BBA4670B2C32B429004DF66A /* NoteViewModel.swift in Sources */,
				BBA41C842C31549F00B741ED /* BookListView.swift in Sources */,
				363C1A242C2BD37F00E6AF91 /* PhotoViewModel.swift in Sources */,
				75691EC52C3668AD006969AA /* NotificationScheduler.swift in Sources */,
				75691EC72C37A03A006969AA /* AppDelegate.swift in Sources */,
				BBA41C7E2C3153DF00B741ED /* BookViewModel.swift in Sources */,
				BB5C30502C3663E1003EDB83 /* Note.swift in Sources */,
				BBF71AD62C2BFCF8004AF08F /* BookRowView.swift in Sources */,
				BB5C30522C3667A1003EDB83 /* PencilKitManager.swift in Sources */,
				BBA41C822C31547500B741ED /* FilterBadgeBookView.swift in Sources */,
				BB5C30572C36BBDB003EDB83 /* FilterBadgeNoteView.swift in Sources */,
				BBF71AD92C2C102A004AF08F /* ImagePicker.swift in Sources */,
				BB47CAA32C2C62D600C70E6C /* AllNoteView.swift in Sources */,
				BBA41C802C31540A00B741ED /* FilterMenuView.swift in Sources */,
				BBA467092C32B16F004DF66A /* NoteDetailView.swift in Sources */,
				BB5E65B22C29066300C855A2 /* ContentView.swift in Sources */,
				BBA4670F2C32BF49004DF66A /* NoteRowView.swift in Sources */,
				BBD64C1D2C338A4600156467 /* MarkupView.swift in Sources */,
				BBD64C172C32EAF400156467 /* AddBookView.swift in Sources */,
				BB5C30542C3667D2003EDB83 /* FocuseableTextField.swift in Sources */,
				BBA467162C32CB34004DF66A /* SortFilterNoteModalView.swift in Sources */,
				BBA41C872C3183C500B741ED /* SortFilterModalView.swift in Sources */,
				BB5E65B02C29066300C855A2 /* LeafApp.swift in Sources */,
				BB1F53502C2E5A1900A509B8 /* TagInputView.swift in Sources */,
				BB1F534A2C2D984000A509B8 /* NoteListView.swift in Sources */,
				BBD64C152C32E66700156467 /* Goal.swift in Sources */,
				363C1A222C2BD37500E6AF91 /* AllBookView.swift in Sources */,
				BB5C304E2C3663C5003EDB83 /* Book.swift in Sources */,
				BB1F53422C2D8E6400A509B8 /* AddNoteView.swift in Sources */,
			);
			runOnlyForDeploymentPostprocessing = 0;
		};
/* End PBXSourcesBuildPhase section */

/* Begin XCBuildConfiguration section */
		BB5E65B82C29066400C855A2 /* Debug */ = {
			isa = XCBuildConfiguration;
			buildSettings = {
				ALWAYS_SEARCH_USER_PATHS = NO;
				ASSETCATALOG_COMPILER_GENERATE_SWIFT_ASSET_SYMBOL_EXTENSIONS = YES;
				CLANG_ANALYZER_NONNULL = YES;
				CLANG_ANALYZER_NUMBER_OBJECT_CONVERSION = YES_AGGRESSIVE;
				CLANG_CXX_LANGUAGE_STANDARD = "gnu++20";
				CLANG_ENABLE_MODULES = YES;
				CLANG_ENABLE_OBJC_ARC = YES;
				CLANG_ENABLE_OBJC_WEAK = YES;
				CLANG_WARN_BLOCK_CAPTURE_AUTORELEASING = YES;
				CLANG_WARN_BOOL_CONVERSION = YES;
				CLANG_WARN_COMMA = YES;
				CLANG_WARN_CONSTANT_CONVERSION = YES;
				CLANG_WARN_DEPRECATED_OBJC_IMPLEMENTATIONS = YES;
				CLANG_WARN_DIRECT_OBJC_ISA_USAGE = YES_ERROR;
				CLANG_WARN_DOCUMENTATION_COMMENTS = YES;
				CLANG_WARN_EMPTY_BODY = YES;
				CLANG_WARN_ENUM_CONVERSION = YES;
				CLANG_WARN_INFINITE_RECURSION = YES;
				CLANG_WARN_INT_CONVERSION = YES;
				CLANG_WARN_NON_LITERAL_NULL_CONVERSION = YES;
				CLANG_WARN_OBJC_IMPLICIT_RETAIN_SELF = YES;
				CLANG_WARN_OBJC_LITERAL_CONVERSION = YES;
				CLANG_WARN_OBJC_ROOT_CLASS = YES_ERROR;
				CLANG_WARN_QUOTED_INCLUDE_IN_FRAMEWORK_HEADER = YES;
				CLANG_WARN_RANGE_LOOP_ANALYSIS = YES;
				CLANG_WARN_STRICT_PROTOTYPES = YES;
				CLANG_WARN_SUSPICIOUS_MOVE = YES;
				CLANG_WARN_UNGUARDED_AVAILABILITY = YES_AGGRESSIVE;
				CLANG_WARN_UNREACHABLE_CODE = YES;
				CLANG_WARN__DUPLICATE_METHOD_MATCH = YES;
				COPY_PHASE_STRIP = NO;
				DEBUG_INFORMATION_FORMAT = dwarf;
				ENABLE_STRICT_OBJC_MSGSEND = YES;
				ENABLE_TESTABILITY = YES;
				ENABLE_USER_SCRIPT_SANDBOXING = YES;
				GCC_C_LANGUAGE_STANDARD = gnu17;
				GCC_DYNAMIC_NO_PIC = NO;
				GCC_NO_COMMON_BLOCKS = YES;
				GCC_OPTIMIZATION_LEVEL = 0;
				GCC_PREPROCESSOR_DEFINITIONS = (
					"DEBUG=1",
					"$(inherited)",
				);
				GCC_WARN_64_TO_32_BIT_CONVERSION = YES;
				GCC_WARN_ABOUT_RETURN_TYPE = YES_ERROR;
				GCC_WARN_UNDECLARED_SELECTOR = YES;
				GCC_WARN_UNINITIALIZED_AUTOS = YES_AGGRESSIVE;
				GCC_WARN_UNUSED_FUNCTION = YES;
				GCC_WARN_UNUSED_VARIABLE = YES;
				IPHONEOS_DEPLOYMENT_TARGET = 17.5;
				LOCALIZATION_PREFERS_STRING_CATALOGS = YES;
				MTL_ENABLE_DEBUG_INFO = INCLUDE_SOURCE;
				MTL_FAST_MATH = YES;
				ONLY_ACTIVE_ARCH = YES;
				SDKROOT = iphoneos;
				SWIFT_ACTIVE_COMPILATION_CONDITIONS = "DEBUG $(inherited)";
				SWIFT_OPTIMIZATION_LEVEL = "-Onone";
			};
			name = Debug;
		};
		BB5E65B92C29066400C855A2 /* Release */ = {
			isa = XCBuildConfiguration;
			buildSettings = {
				ALWAYS_SEARCH_USER_PATHS = NO;
				ASSETCATALOG_COMPILER_GENERATE_SWIFT_ASSET_SYMBOL_EXTENSIONS = YES;
				CLANG_ANALYZER_NONNULL = YES;
				CLANG_ANALYZER_NUMBER_OBJECT_CONVERSION = YES_AGGRESSIVE;
				CLANG_CXX_LANGUAGE_STANDARD = "gnu++20";
				CLANG_ENABLE_MODULES = YES;
				CLANG_ENABLE_OBJC_ARC = YES;
				CLANG_ENABLE_OBJC_WEAK = YES;
				CLANG_WARN_BLOCK_CAPTURE_AUTORELEASING = YES;
				CLANG_WARN_BOOL_CONVERSION = YES;
				CLANG_WARN_COMMA = YES;
				CLANG_WARN_CONSTANT_CONVERSION = YES;
				CLANG_WARN_DEPRECATED_OBJC_IMPLEMENTATIONS = YES;
				CLANG_WARN_DIRECT_OBJC_ISA_USAGE = YES_ERROR;
				CLANG_WARN_DOCUMENTATION_COMMENTS = YES;
				CLANG_WARN_EMPTY_BODY = YES;
				CLANG_WARN_ENUM_CONVERSION = YES;
				CLANG_WARN_INFINITE_RECURSION = YES;
				CLANG_WARN_INT_CONVERSION = YES;
				CLANG_WARN_NON_LITERAL_NULL_CONVERSION = YES;
				CLANG_WARN_OBJC_IMPLICIT_RETAIN_SELF = YES;
				CLANG_WARN_OBJC_LITERAL_CONVERSION = YES;
				CLANG_WARN_OBJC_ROOT_CLASS = YES_ERROR;
				CLANG_WARN_QUOTED_INCLUDE_IN_FRAMEWORK_HEADER = YES;
				CLANG_WARN_RANGE_LOOP_ANALYSIS = YES;
				CLANG_WARN_STRICT_PROTOTYPES = YES;
				CLANG_WARN_SUSPICIOUS_MOVE = YES;
				CLANG_WARN_UNGUARDED_AVAILABILITY = YES_AGGRESSIVE;
				CLANG_WARN_UNREACHABLE_CODE = YES;
				CLANG_WARN__DUPLICATE_METHOD_MATCH = YES;
				COPY_PHASE_STRIP = NO;
				DEBUG_INFORMATION_FORMAT = "dwarf-with-dsym";
				ENABLE_NS_ASSERTIONS = NO;
				ENABLE_STRICT_OBJC_MSGSEND = YES;
				ENABLE_USER_SCRIPT_SANDBOXING = YES;
				GCC_C_LANGUAGE_STANDARD = gnu17;
				GCC_NO_COMMON_BLOCKS = YES;
				GCC_WARN_64_TO_32_BIT_CONVERSION = YES;
				GCC_WARN_ABOUT_RETURN_TYPE = YES_ERROR;
				GCC_WARN_UNDECLARED_SELECTOR = YES;
				GCC_WARN_UNINITIALIZED_AUTOS = YES_AGGRESSIVE;
				GCC_WARN_UNUSED_FUNCTION = YES;
				GCC_WARN_UNUSED_VARIABLE = YES;
				IPHONEOS_DEPLOYMENT_TARGET = 17.5;
				LOCALIZATION_PREFERS_STRING_CATALOGS = YES;
				MTL_ENABLE_DEBUG_INFO = NO;
				MTL_FAST_MATH = YES;
				SDKROOT = iphoneos;
				SWIFT_COMPILATION_MODE = wholemodule;
				VALIDATE_PRODUCT = YES;
			};
			name = Release;
		};
		BB5E65BB2C29066400C855A2 /* Debug */ = {
			isa = XCBuildConfiguration;
			buildSettings = {
				ASSETCATALOG_COMPILER_APPICON_NAME = AppIcon;
				ASSETCATALOG_COMPILER_GLOBAL_ACCENT_COLOR_NAME = AccentColor;
				CODE_SIGN_STYLE = Automatic;
				CURRENT_PROJECT_VERSION = 1;
				DEVELOPMENT_ASSET_PATHS = "\"Leaf/Preview Content\"";
				DEVELOPMENT_TEAM = Z3VL57KL67;
				ENABLE_PREVIEWS = YES;
				GENERATE_INFOPLIST_FILE = YES;
				INFOPLIST_FILE = Leaf/Info.plist;
				INFOPLIST_KEY_NSCameraUsageDescription = "We want to access your camera";
				INFOPLIST_KEY_NSPhotoLibraryUsageDescription = "We wan to access your library";
				INFOPLIST_KEY_UIApplicationSceneManifest_Generation = YES;
				INFOPLIST_KEY_UIApplicationSupportsIndirectInputEvents = YES;
				INFOPLIST_KEY_UILaunchScreen_Generation = YES;
				INFOPLIST_KEY_UISupportedInterfaceOrientations_iPad = "UIInterfaceOrientationPortrait UIInterfaceOrientationPortraitUpsideDown UIInterfaceOrientationLandscapeLeft UIInterfaceOrientationLandscapeRight";
				INFOPLIST_KEY_UISupportedInterfaceOrientations_iPhone = "UIInterfaceOrientationPortrait UIInterfaceOrientationLandscapeLeft UIInterfaceOrientationLandscapeRight";
				IPHONEOS_DEPLOYMENT_TARGET = 17.2;
				LD_RUNPATH_SEARCH_PATHS = (
					"$(inherited)",
					"@executable_path/Frameworks",
				);
				MARKETING_VERSION = 1.0;

				PRODUCT_BUNDLE_IDENTIFIER = co.marizka.Leaf;

				PRODUCT_NAME = "$(TARGET_NAME)";
				SWIFT_EMIT_LOC_STRINGS = YES;
				SWIFT_VERSION = 5.0;
				TARGETED_DEVICE_FAMILY = "1,2";
			};
			name = Debug;
		};
		BB5E65BC2C29066400C855A2 /* Release */ = {
			isa = XCBuildConfiguration;
			buildSettings = {
				ASSETCATALOG_COMPILER_APPICON_NAME = AppIcon;
				ASSETCATALOG_COMPILER_GLOBAL_ACCENT_COLOR_NAME = AccentColor;
				CODE_SIGN_STYLE = Automatic;
				CURRENT_PROJECT_VERSION = 1;
				DEVELOPMENT_ASSET_PATHS = "\"Leaf/Preview Content\"";
				DEVELOPMENT_TEAM = Z3VL57KL67;
				ENABLE_PREVIEWS = YES;
				GENERATE_INFOPLIST_FILE = YES;
				INFOPLIST_FILE = Leaf/Info.plist;
				INFOPLIST_KEY_NSCameraUsageDescription = "We want to access your camera";
				INFOPLIST_KEY_NSPhotoLibraryUsageDescription = "We wan to access your library";
				INFOPLIST_KEY_UIApplicationSceneManifest_Generation = YES;
				INFOPLIST_KEY_UIApplicationSupportsIndirectInputEvents = YES;
				INFOPLIST_KEY_UILaunchScreen_Generation = YES;
				INFOPLIST_KEY_UISupportedInterfaceOrientations_iPad = "UIInterfaceOrientationPortrait UIInterfaceOrientationPortraitUpsideDown UIInterfaceOrientationLandscapeLeft UIInterfaceOrientationLandscapeRight";
				INFOPLIST_KEY_UISupportedInterfaceOrientations_iPhone = "UIInterfaceOrientationPortrait UIInterfaceOrientationLandscapeLeft UIInterfaceOrientationLandscapeRight";
				IPHONEOS_DEPLOYMENT_TARGET = 17.2;
				LD_RUNPATH_SEARCH_PATHS = (
					"$(inherited)",
					"@executable_path/Frameworks",
				);
				MARKETING_VERSION = 1.0;


				PRODUCT_BUNDLE_IDENTIFIER = co.marizka.Leaf;

				PRODUCT_NAME = "$(TARGET_NAME)";
				SWIFT_EMIT_LOC_STRINGS = YES;
				SWIFT_VERSION = 5.0;
				TARGETED_DEVICE_FAMILY = "1,2";
			};
			name = Release;
		};
/* End XCBuildConfiguration section */

/* Begin XCConfigurationList section */
		BB5E65A72C29066200C855A2 /* Build configuration list for PBXProject "Leaf" */ = {
			isa = XCConfigurationList;
			buildConfigurations = (
				BB5E65B82C29066400C855A2 /* Debug */,
				BB5E65B92C29066400C855A2 /* Release */,
			);
			defaultConfigurationIsVisible = 0;
			defaultConfigurationName = Release;
		};
		BB5E65BA2C29066400C855A2 /* Build configuration list for PBXNativeTarget "Leaf" */ = {
			isa = XCConfigurationList;
			buildConfigurations = (
				BB5E65BB2C29066400C855A2 /* Debug */,
				BB5E65BC2C29066400C855A2 /* Release */,
			);
			defaultConfigurationIsVisible = 0;
			defaultConfigurationName = Release;
		};
/* End XCConfigurationList section */
	};
	rootObject = BB5E65A42C29066200C855A2 /* Project object */;
}
